
Microsoft Visual Studio Solution File, Format Version 12.00
# Visual Studio Version 17
VisualStudioVersion = 17.10.34928.147
MinimumVisualStudioVersion = 10.0.40219.1
Project("{8BC9CEB8-8B4A-11D0-8D11-00A0C91BC942}") = "DojoLoader", "DojoLoader\DojoLoader.vcxproj", "{C996565D-A7E8-47E6-8CE5-C62ED8FF761B}"
EndProject
Global
	GlobalSection(SolutionConfigurationPlatforms) = preSolution
		Debug|x64 = Debug|x64
		Debug|x86 = Debug|x86
		Release|x64 = Release|x64
		Release|x86 = Release|x86
	EndGlobalSection
	GlobalSection(ProjectConfigurationPlatforms) = postSolution
		{C996565D-A7E8-47E6-8CE5-C62ED8FF761B}.Debug|x64.ActiveCfg = Debug|x64
		{C996565D-A7E8-47E6-8CE5-C62ED8FF761B}.Debug|x64.Build.0 = Debug|x64
		{C996565D-A7E8-47E6-8CE5-C62ED8FF761B}.Debug|x86.ActiveCfg = Debug|Win32
		{C996565D-A7E8-47E6-8CE5-C62ED8FF761B}.Debug|x86.Build.0 = Debug|Win32
		{C996565D-A7E8-47E6-8CE5-C62ED8FF761B}.Release|x64.ActiveCfg = Release|x64
		{C996565D-A7E8-47E6-8CE5-C62ED8FF761B}.Release|x64.Build.0 = Release|x64
		{C996565D-A7E8-47E6-8CE5-C62ED8FF761B}.Release|x86.ActiveCfg = Release|Win32
		{C996565D-A7E8-47E6-8CE5-C62ED8FF761B}.Release|x86.Build.0 = Release|Win32
	EndGlobalSection
	GlobalSection(SolutionProperties) = preSolution
		HideSolutionNode = FALSE
	EndGlobalSection
	GlobalSection(ExtensibilityGlobals) = postSolution
		SolutionGuid = {3BC7183A-7CA2-4158-AA41-E708A27396BC}
	EndGlobalSection
EndGlobal
